
Microsoft Visual Studio Solution File, Format Version 12.00
# Visual Studio Version 17
VisualStudioVersion = 17.13.35617.110 d17.13
MinimumVisualStudioVersion = 10.0.40219.1
Project("{FAE04EC0-301F-11D3-BF4B-00C04F79EFBC}") = "PushupsTracker", "PushupsTracker\PushupsTracker.csproj", "{D6131D85-5D05-4234-B938-CC22215A8F62}"
EndProject
Global
	GlobalSection(SolutionConfigurationPlatforms) = preSolution
		Debug|Any CPU = Debug|Any CPU
		Release|Any CPU = Release|Any CPU
	EndGlobalSection
	GlobalSection(ProjectConfigurationPlatforms) = postSolution
		{D6131D85-5D05-4234-B938-CC22215A8F62}.Debug|Any CPU.ActiveCfg = Debug|Any CPU
		{D6131D85-5D05-4234-B938-CC22215A8F62}.Debug|Any CPU.Build.0 = Debug|Any CPU
		{D6131D85-5D05-4234-B938-CC22215A8F62}.Release|Any CPU.ActiveCfg = Release|Any CPU
		{D6131D85-5D05-4234-B938-CC22215A8F62}.Release|Any CPU.Build.0 = Release|Any CPU
	EndGlobalSection
	GlobalSection(SolutionProperties) = preSolution
		HideSolutionNode = FALSE
	EndGlobalSection
	GlobalSection(ExtensibilityGlobals) = postSolution
		SolutionGuid = {C8886AF5-3A6B-4E56-B903-EA39D5AE93BC}
	EndGlobalSection
EndGlobal
